// !$*UTF8*$!
{
	archiveVersion = 1;
	classes = {
	};
	objectVersion = 50;
	objects = {

/* Begin PBXBuildFile section */
		639726129B635BF6134C7380 /* Pods_HelloNetwork02.framework in Frameworks */ = {isa = PBXBuildFile; fileRef = 1CF274149315E7EDC3E4D849 /* Pods_HelloNetwork02.framework */; };
		BA4FCE91239B556D00D71606 /* AppDelegate.swift in Sources */ = {isa = PBXBuildFile; fileRef = BA4FCE90239B556D00D71606 /* AppDelegate.swift */; };
		BA4FCE93239B556D00D71606 /* SceneDelegate.swift in Sources */ = {isa = PBXBuildFile; fileRef = BA4FCE92239B556D00D71606 /* SceneDelegate.swift */; };
		BA4FCE95239B556D00D71606 /* ViewController.swift in Sources */ = {isa = PBXBuildFile; fileRef = BA4FCE94239B556D00D71606 /* ViewController.swift */; };
		BA4FCE98239B556D00D71606 /* Main.storyboard in Resources */ = {isa = PBXBuildFile; fileRef = BA4FCE96239B556D00D71606 /* Main.storyboard */; };
		BA4FCE9A239B556E00D71606 /* Assets.xcassets in Resources */ = {isa = PBXBuildFile; fileRef = BA4FCE99239B556E00D71606 /* Assets.xcassets */; };
		BA4FCE9D239B556E00D71606 /* LaunchScreen.storyboard in Resources */ = {isa = PBXBuildFile; fileRef = BA4FCE9B239B556E00D71606 /* LaunchScreen.storyboard */; };
/* End PBXBuildFile section */

/* Begin PBXFileReference section */
		1CF274149315E7EDC3E4D849 /* Pods_HelloNetwork02.framework */ = {isa = PBXFileReference; explicitFileType = wrapper.framework; includeInIndex = 0; path = Pods_HelloNetwork02.framework; sourceTree = BUILT_PRODUCTS_DIR; };
		72DA0F03831F7E360F62EA0F /* Pods-HelloNetwork02.debug.xcconfig */ = {isa = PBXFileReference; includeInIndex = 1; lastKnownFileType = text.xcconfig; name = "Pods-HelloNetwork02.debug.xcconfig"; path = "Target Support Files/Pods-HelloNetwork02/Pods-HelloNetwork02.debug.xcconfig"; sourceTree = "<group>"; };
		8525D2E75F8ED43D11754327 /* Pods-HelloNetwork02.release.xcconfig */ = {isa = PBXFileReference; includeInIndex = 1; lastKnownFileType = text.xcconfig; name = "Pods-HelloNetwork02.release.xcconfig"; path = "Target Support Files/Pods-HelloNetwork02/Pods-HelloNetwork02.release.xcconfig"; sourceTree = "<group>"; };
		BA4FCE8D239B556D00D71606 /* HelloNetwork02.app */ = {isa = PBXFileReference; explicitFileType = wrapper.application; includeInIndex = 0; path = HelloNetwork02.app; sourceTree = BUILT_PRODUCTS_DIR; };
		BA4FCE90239B556D00D71606 /* AppDelegate.swift */ = {isa = PBXFileReference; lastKnownFileType = sourcecode.swift; path = AppDelegate.swift; sourceTree = "<group>"; };
		BA4FCE92239B556D00D71606 /* SceneDelegate.swift */ = {isa = PBXFileReference; lastKnownFileType = sourcecode.swift; path = SceneDelegate.swift; sourceTree = "<group>"; };
		BA4FCE94239B556D00D71606 /* ViewController.swift */ = {isa = PBXFileReference; lastKnownFileType = sourcecode.swift; path = ViewController.swift; sourceTree = "<group>"; };
		BA4FCE97239B556D00D71606 /* Base */ = {isa = PBXFileReference; lastKnownFileType = file.storyboard; name = Base; path = Base.lproj/Main.storyboard; sourceTree = "<group>"; };
		BA4FCE99239B556E00D71606 /* Assets.xcassets */ = {isa = PBXFileReference; lastKnownFileType = folder.assetcatalog; path = Assets.xcassets; sourceTree = "<group>"; };
		BA4FCE9C239B556E00D71606 /* Base */ = {isa = PBXFileReference; lastKnownFileType = file.storyboard; name = Base; path = Base.lproj/LaunchScreen.storyboard; sourceTree = "<group>"; };
		BA4FCE9E239B556E00D71606 /* Info.plist */ = {isa = PBXFileReference; lastKnownFileType = text.plist.xml; path = Info.plist; sourceTree = "<group>"; };
/* End PBXFileReference section */

/* Begin PBXFrameworksBuildPhase section */
		BA4FCE8A239B556D00D71606 /* Frameworks */ = {
			isa = PBXFrameworksBuildPhase;
			buildActionMask = 2147483647;
			files = (
				639726129B635BF6134C7380 /* Pods_HelloNetwork02.framework in Frameworks */,
			);
			runOnlyForDeploymentPostprocessing = 0;
		};
/* End PBXFrameworksBuildPhase section */

/* Begin PBXGroup section */
		53836E29B26A6DDBBCD53787 /* Frameworks */ = {
			isa = PBXGroup;
			children = (
				1CF274149315E7EDC3E4D849 /* Pods_HelloNetwork02.framework */,
			);
			name = Frameworks;
			sourceTree = "<group>";
		};
		BA4FCE84239B556D00D71606 = {
			isa = PBXGroup;
			children = (
				BA4FCE8F239B556D00D71606 /* HelloNetwork02 */,
				BA4FCE8E239B556D00D71606 /* Products */,
				EDB9D918A80272FFE7066454 /* Pods */,
				53836E29B26A6DDBBCD53787 /* Frameworks */,
			);
			sourceTree = "<group>";
		};
		BA4FCE8E239B556D00D71606 /* Products */ = {
			isa = PBXGroup;
			children = (
				BA4FCE8D239B556D00D71606 /* HelloNetwork02.app */,
			);
			name = Products;
			sourceTree = "<group>";
		};
		BA4FCE8F239B556D00D71606 /* HelloNetwork02 */ = {
			isa = PBXGroup;
			children = (
				BA4FCE90239B556D00D71606 /* AppDelegate.swift */,
				BA4FCE92239B556D00D71606 /* SceneDelegate.swift */,
				BA4FCE94239B556D00D71606 /* ViewController.swift */,
				BA4FCE96239B556D00D71606 /* Main.storyboard */,
				BA4FCE99239B556E00D71606 /* Assets.xcassets */,
				BA4FCE9B239B556E00D71606 /* LaunchScreen.storyboard */,
				BA4FCE9E239B556E00D71606 /* Info.plist */,
			);
			path = HelloNetwork02;
			sourceTree = "<group>";
		};
		EDB9D918A80272FFE7066454 /* Pods */ = {
			isa = PBXGroup;
			children = (
				72DA0F03831F7E360F62EA0F /* Pods-HelloNetwork02.debug.xcconfig */,
				8525D2E75F8ED43D11754327 /* Pods-HelloNetwork02.release.xcconfig */,
			);
			name = Pods;
			path = Pods;
			sourceTree = "<group>";
		};
/* End PBXGroup section */

/* Begin PBXNativeTarget section */
		BA4FCE8C239B556D00D71606 /* HelloNetwork02 */ = {
			isa = PBXNativeTarget;
			buildConfigurationList = BA4FCEA1239B556E00D71606 /* Build configuration list for PBXNativeTarget "HelloNetwork02" */;
			buildPhases = (
				01B938D314DA7D3CECC71647 /* [CP] Check Pods Manifest.lock */,
				BA4FCE89239B556D00D71606 /* Sources */,
				BA4FCE8A239B556D00D71606 /* Frameworks */,
				BA4FCE8B239B556D00D71606 /* Resources */,
				D2568F07B8B3A566D3D0C449 /* [CP] Embed Pods Frameworks */,
			);
			buildRules = (
			);
			dependencies = (
			);
			name = HelloNetwork02;
			productName = HelloNetwork02;
			productReference = BA4FCE8D239B556D00D71606 /* HelloNetwork02.app */;
			productType = "com.apple.product-type.application";
		};
/* End PBXNativeTarget section */

/* Begin PBXProject section */
		BA4FCE85239B556D00D71606 /* Project object */ = {
			isa = PBXProject;
			attributes = {
				LastSwiftUpdateCheck = 1120;
				LastUpgradeCheck = 1120;
				ORGANIZATIONNAME = "申潤五";
				TargetAttributes = {
					BA4FCE8C239B556D00D71606 = {
						CreatedOnToolsVersion = 11.2.1;
					};
				};
			};
			buildConfigurationList = BA4FCE88239B556D00D71606 /* Build configuration list for PBXProject "HelloNetwork02" */;
			compatibilityVersion = "Xcode 9.3";
			developmentRegion = en;
			hasScannedForEncodings = 0;
			knownRegions = (
				en,
				Base,
			);
			mainGroup = BA4FCE84239B556D00D71606;
			productRefGroup = BA4FCE8E239B556D00D71606 /* Products */;
			projectDirPath = "";
			projectRoot = "";
			targets = (
				BA4FCE8C239B556D00D71606 /* HelloNetwork02 */,
			);
		};
/* End PBXProject section */

/* Begin PBXResourcesBuildPhase section */
		BA4FCE8B239B556D00D71606 /* Resources */ = {
			isa = PBXResourcesBuildPhase;
			buildActionMask = 2147483647;
			files = (
				BA4FCE9D239B556E00D71606 /* LaunchScreen.storyboard in Resources */,
				BA4FCE9A239B556E00D71606 /* Assets.xcassets in Resources */,
				BA4FCE98239B556D00D71606 /* Main.storyboard in Resources */,
			);
			runOnlyForDeploymentPostprocessing = 0;
		};
/* End PBXResourcesBuildPhase section */

/* Begin PBXShellScriptBuildPhase section */
		01B938D314DA7D3CECC71647 /* [CP] Check Pods Manifest.lock */ = {
			isa = PBXShellScriptBuildPhase;
			buildActionMask = 2147483647;
			files = (
			);
			inputFileListPaths = (
			);
			inputPaths = (
				"${PODS_PODFILE_DIR_PATH}/Podfile.lock",
				"${PODS_ROOT}/Manifest.lock",
			);
			name = "[CP] Check Pods Manifest.lock";
			outputFileListPaths = (
			);
			outputPaths = (
				"$(DERIVED_FILE_DIR)/Pods-HelloNetwork02-checkManifestLockResult.txt",
			);
			runOnlyForDeploymentPostprocessing = 0;
			shellPath = /bin/sh;
			shellScript = "diff \"${PODS_PODFILE_DIR_PATH}/Podfile.lock\" \"${PODS_ROOT}/Manifest.lock\" > /dev/null\nif [ $? != 0 ] ; then\n    # print error to STDERR\n    echo \"error: The sandbox is not in sync with the Podfile.lock. Run 'pod install' or update your CocoaPods installation.\" >&2\n    exit 1\nfi\n# This output is used by Xcode 'outputs' to avoid re-running this script phase.\necho \"SUCCESS\" > \"${SCRIPT_OUTPUT_FILE_0}\"\n";
			showEnvVarsInLog = 0;
		};
		D2568F07B8B3A566D3D0C449 /* [CP] Embed Pods Frameworks */ = {
			isa = PBXShellScriptBuildPhase;
			buildActionMask = 2147483647;
			files = (
			);
			inputFileListPaths = (
				"${PODS_ROOT}/Target Support Files/Pods-HelloNetwork02/Pods-HelloNetwork02-frameworks-${CONFIGURATION}-input-files.xcfilelist",
			);
			name = "[CP] Embed Pods Frameworks";
			outputFileListPaths = (
				"${PODS_ROOT}/Target Support Files/Pods-HelloNetwork02/Pods-HelloNetwork02-frameworks-${CONFIGURATION}-output-files.xcfilelist",
			);
			runOnlyForDeploymentPostprocessing = 0;
			shellPath = /bin/sh;
			shellScript = "\"${PODS_ROOT}/Target Support Files/Pods-HelloNetwork02/Pods-HelloNetwork02-frameworks.sh\"\n";
			showEnvVarsInLog = 0;
		};
/* End PBXShellScriptBuildPhase section */

/* Begin PBXSourcesBuildPhase section */
		BA4FCE89239B556D00D71606 /* Sources */ = {
			isa = PBXSourcesBuildPhase;
			buildActionMask = 2147483647;
			files = (
				BA4FCE95239B556D00D71606 /* ViewController.swift in Sources */,
				BA4FCE91239B556D00D71606 /* AppDelegate.swift in Sources */,
				BA4FCE93239B556D00D71606 /* SceneDelegate.swift in Sources */,
			);
			runOnlyForDeploymentPostprocessing = 0;
		};
/* End PBXSourcesBuildPhase section */

/* Begin PBXVariantGroup section */
		BA4FCE96239B556D00D71606 /* Main.storyboard */ = {
			isa = PBXVariantGroup;
			children = (
				BA4FCE97239B556D00D71606 /* Base */,
			);
			name = Main.storyboard;
			sourceTree = "<group>";
		};
		BA4FCE9B239B556E00D71606 /* LaunchScreen.storyboard */ = {
			isa = PBXVariantGroup;
			children = (
				BA4FCE9C239B556E00D71606 /* Base */,
			);
			name = LaunchScreen.storyboard;
			sourceTree = "<group>";
		};
/* End PBXVariantGroup section */

/* Begin XCBuildConfiguration section */
		BA4FCE9F239B556E00D71606 /* Debug */ = {
			isa = XCBuildConfiguration;
			buildSettings = {
				ALWAYS_SEARCH_USER_PATHS = NO;
				CLANG_ANALYZER_NONNULL = YES;
				CLANG_ANALYZER_NUMBER_OBJECT_CONVERSION = YES_AGGRESSIVE;
				CLANG_CXX_LANGUAGE_STANDARD = "gnu++14";
				CLANG_CXX_LIBRARY = "libc++";
				CLANG_ENABLE_MODULES = YES;
				CLANG_ENABLE_OBJC_ARC = YES;
				CLANG_ENABLE_OBJC_WEAK = YES;
				CLANG_WARN_BLOCK_CAPTURE_AUTORELEASING = YES;
				CLANG_WARN_BOOL_CONVERSION = YES;
				CLANG_WARN_COMMA = YES;
				CLANG_WARN_CONSTANT_CONVERSION = YES;
				CLANG_WARN_DEPRECATED_OBJC_IMPLEMENTATIONS = YES;
				CLANG_WARN_DIRECT_OBJC_ISA_USAGE = YES_ERROR;
				CLANG_WARN_DOCUMENTATION_COMMENTS = YES;
				CLANG_WARN_EMPTY_BODY = YES;
				CLANG_WARN_ENUM_CONVERSION = YES;
				CLANG_WARN_INFINITE_RECURSION = YES;
				CLANG_WARN_INT_CONVERSION = YES;
				CLANG_WARN_NON_LITERAL_NULL_CONVERSION = YES;
				CLANG_WARN_OBJC_IMPLICIT_RETAIN_SELF = YES;
				CLANG_WARN_OBJC_LITERAL_CONVERSION = YES;
				CLANG_WARN_OBJC_ROOT_CLASS = YES_ERROR;
				CLANG_WARN_RANGE_LOOP_ANALYSIS = YES;
				CLANG_WARN_STRICT_PROTOTYPES = YES;
				CLANG_WARN_SUSPICIOUS_MOVE = YES;
				CLANG_WARN_UNGUARDED_AVAILABILITY = YES_AGGRESSIVE;
				CLANG_WARN_UNREACHABLE_CODE = YES;
				CLANG_WARN__DUPLICATE_METHOD_MATCH = YES;
				COPY_PHASE_STRIP = NO;
				DEBUG_INFORMATION_FORMAT = dwarf;
				ENABLE_STRICT_OBJC_MSGSEND = YES;
				ENABLE_TESTABILITY = YES;
				GCC_C_LANGUAGE_STANDARD = gnu11;
				GCC_DYNAMIC_NO_PIC = NO;
				GCC_NO_COMMON_BLOCKS = YES;
				GCC_OPTIMIZATION_LEVEL = 0;
				GCC_PREPROCESSOR_DEFINITIONS = (
					"DEBUG=1",
					"$(inherited)",
				);
				GCC_WARN_64_TO_32_BIT_CONVERSION = YES;
				GCC_WARN_ABOUT_RETURN_TYPE = YES_ERROR;
				GCC_WARN_UNDECLARED_SELECTOR = YES;
				GCC_WARN_UNINITIALIZED_AUTOS = YES_AGGRESSIVE;
				GCC_WARN_UNUSED_FUNCTION = YES;
				GCC_WARN_UNUSED_VARIABLE = YES;
				IPHONEOS_DEPLOYMENT_TARGET = 13.2;
				MTL_ENABLE_DEBUG_INFO = INCLUDE_SOURCE;
				MTL_FAST_MATH = YES;
				ONLY_ACTIVE_ARCH = YES;
				SDKROOT = iphoneos;
				SWIFT_ACTIVE_COMPILATION_CONDITIONS = DEBUG;
				SWIFT_OPTIMIZATION_LEVEL = "-Onone";
			};
			name = Debug;
		};
		BA4FCEA0239B556E00D71606 /* Release */ = {
			isa = XCBuildConfiguration;
			buildSettings = {
				ALWAYS_SEARCH_USER_PATHS = NO;
				CLANG_ANALYZER_NONNULL = YES;
				CLANG_ANALYZER_NUMBER_OBJECT_CONVERSION = YES_AGGRESSIVE;
				CLANG_CXX_LANGUAGE_STANDARD = "gnu++14";
				CLANG_CXX_LIBRARY = "libc++";
				CLANG_ENABLE_MODULES = YES;
				CLANG_ENABLE_OBJC_ARC = YES;
				CLANG_ENABLE_OBJC_WEAK = YES;
				CLANG_WARN_BLOCK_CAPTURE_AUTORELEASING = YES;
				CLANG_WARN_BOOL_CONVERSION = YES;
				CLANG_WARN_COMMA = YES;
				CLANG_WARN_CONSTANT_CONVERSION = YES;
				CLANG_WARN_DEPRECATED_OBJC_IMPLEMENTATIONS = YES;
				CLANG_WARN_DIRECT_OBJC_ISA_USAGE = YES_ERROR;
				CLANG_WARN_DOCUMENTATION_COMMENTS = YES;
				CLANG_WARN_EMPTY_BODY = YES;
				CLANG_WARN_ENUM_CONVERSION = YES;
				CLANG_WARN_INFINITE_RECURSION = YES;
				CLANG_WARN_INT_CONVERSION = YES;
				CLANG_WARN_NON_LITERAL_NULL_CONVERSION = YES;
				CLANG_WARN_OBJC_IMPLICIT_RETAIN_SELF = YES;
				CLANG_WARN_OBJC_LITERAL_CONVERSION = YES;
				CLANG_WARN_OBJC_ROOT_CLASS = YES_ERROR;
				CLANG_WARN_RANGE_LOOP_ANALYSIS = YES;
				CLANG_WARN_STRICT_PROTOTYPES = YES;
				CLANG_WARN_SUSPICIOUS_MOVE = YES;
				CLANG_WARN_UNGUARDED_AVAILABILITY = YES_AGGRESSIVE;
				CLANG_WARN_UNREACHABLE_CODE = YES;
				CLANG_WARN__DUPLICATE_METHOD_MATCH = YES;
				COPY_PHASE_STRIP = NO;
				DEBUG_INFORMATION_FORMAT = "dwarf-with-dsym";
				ENABLE_NS_ASSERTIONS = NO;
				ENABLE_STRICT_OBJC_MSGSEND = YES;
				GCC_C_LANGUAGE_STANDARD = gnu11;
				GCC_NO_COMMON_BLOCKS = YES;
				GCC_WARN_64_TO_32_BIT_CONVERSION = YES;
				GCC_WARN_ABOUT_RETURN_TYPE = YES_ERROR;
				GCC_WARN_UNDECLARED_SELECTOR = YES;
				GCC_WARN_UNINITIALIZED_AUTOS = YES_AGGRESSIVE;
				GCC_WARN_UNUSED_FUNCTION = YES;
				GCC_WARN_UNUSED_VARIABLE = YES;
				IPHONEOS_DEPLOYMENT_TARGET = 13.2;
				MTL_ENABLE_DEBUG_INFO = NO;
				MTL_FAST_MATH = YES;
				SDKROOT = iphoneos;
				SWIFT_COMPILATION_MODE = wholemodule;
				SWIFT_OPTIMIZATION_LEVEL = "-O";
				VALIDATE_PRODUCT = YES;
			};
			name = Release;
		};
		BA4FCEA2239B556E00D71606 /* Debug */ = {
			isa = XCBuildConfiguration;
			baseConfigurationReference = 72DA0F03831F7E360F62EA0F /* Pods-HelloNetwork02.debug.xcconfig */;
			buildSettings = {
				ASSETCATALOG_COMPILER_APPICON_NAME = AppIcon;
				CODE_SIGN_STYLE = Automatic;
				DEVELOPMENT_TEAM = XSVW22JPST;
				INFOPLIST_FILE = HelloNetwork02/Info.plist;
				LD_RUNPATH_SEARCH_PATHS = (
					"$(inherited)",
					"@executable_path/Frameworks",
				);
				PRODUCT_BUNDLE_IDENTIFIER = idev.sjw.HelloNetwork02;
				PRODUCT_NAME = "$(TARGET_NAME)";
				SWIFT_VERSION = 5.0;
				TARGETED_DEVICE_FAMILY = "1,2";
			};
			name = Debug;
		};
		BA4FCEA3239B556E00D71606 /* Release */ = {
			isa = XCBuildConfiguration;
			baseConfigurationReference = 8525D2E75F8ED43D11754327 /* Pods-HelloNetwork02.release.xcconfig */;
			buildSettings = {
				ASSETCATALOG_COMPILER_APPICON_NAME = AppIcon;
				CODE_SIGN_STYLE = Automatic;
				DEVELOPMENT_TEAM = XSVW22JPST;
				INFOPLIST_FILE = HelloNetwork02/Info.plist;
				LD_RUNPATH_SEARCH_PATHS = (
					"$(inherited)",
					"@executable_path/Frameworks",
				);
				PRODUCT_BUNDLE_IDENTIFIER = idev.sjw.HelloNetwork02;
				PRODUCT_NAME = "$(TARGET_NAME)";
				SWIFT_VERSION = 5.0;
				TARGETED_DEVICE_FAMILY = "1,2";
			};
			name = Release;
		};
/* End XCBuildConfiguration section */

/* Begin XCConfigurationList section */
		BA4FCE88239B556D00D71606 /* Build configuration list for PBXProject "HelloNetwork02" */ = {
			isa = XCConfigurationList;
			buildConfigurations = (
				BA4FCE9F239B556E00D71606 /* Debug */,
				BA4FCEA0239B556E00D71606 /* Release */,
			);
			defaultConfigurationIsVisible = 0;
			defaultConfigurationName = Release;
		};
		BA4FCEA1239B556E00D71606 /* Build configuration list for PBXNativeTarget "HelloNetwork02" */ = {
			isa = XCConfigurationList;
			buildConfigurations = (
				BA4FCEA2239B556E00D71606 /* Debug */,
				BA4FCEA3239B556E00D71606 /* Release */,
			);
			defaultConfigurationIsVisible = 0;
			defaultConfigurationName = Release;
		};
/* End XCConfigurationList section */
	};
	rootObject = BA4FCE85239B556D00D71606 /* Project object */;
}
